
Microsoft Visual Studio Solution File, Format Version 12.00
# Visual Studio Version 16
VisualStudioVersion = 16.0.30128.74
MinimumVisualStudioVersion = 10.0.40219.1
Project("{FAE04EC0-301F-11D3-BF4B-00C04F79EFBC}") = "RegisteredAnalytics", "RegisteredAnalytics.csproj", "{DC438869-F105-4D42-BB01-BD1E7E688DBF}"
EndProject
Global
	GlobalSection(SolutionConfigurationPlatforms) = preSolution
		Debug|Any CPU = Debug|Any CPU
		Release|Any CPU = Release|Any CPU
	EndGlobalSection
	GlobalSection(ProjectConfigurationPlatforms) = postSolution
		{DC438869-F105-4D42-BB01-BD1E7E688DBF}.Debug|Any CPU.ActiveCfg = Debug|Any CPU
		{DC438869-F105-4D42-BB01-BD1E7E688DBF}.Debug|Any CPU.Build.0 = Debug|Any CPU
		{DC438869-F105-4D42-BB01-BD1E7E688DBF}.Release|Any CPU.ActiveCfg = Release|Any CPU
		{DC438869-F105-4D42-BB01-BD1E7E688DBF}.Release|Any CPU.Build.0 = Release|Any CPU
	EndGlobalSection
	GlobalSection(SolutionProperties) = preSolution
		HideSolutionNode = FALSE
	EndGlobalSection
	GlobalSection(ExtensibilityGlobals) = postSolution
		SolutionGuid = {1AE55BA5-A387-4A87-8352-C98CF7D97086}
	EndGlobalSection
EndGlobal
